
Microsoft Visual Studio Solution File, Format Version 12.00
# Visual Studio 15
VisualStudioVersion = 15.0.26430.6
MinimumVisualStudioVersion = 10.0.40219.1
Project("{FAE04EC0-301F-11D3-BF4B-00C04F79EFBC}") = "App1.Android", "App1\App1.Android\App1.Android.csproj", "{842A5260-8ACC-4116-9DBE-0E0272156559}"
EndProject
Project("{FAE04EC0-301F-11D3-BF4B-00C04F79EFBC}") = "App1", "App1\App1\App1.csproj", "{F51EC4E8-D621-478E-B51E-63FB39B10533}"
EndProject
Project("{FAE04EC0-301F-11D3-BF4B-00C04F79EFBC}") = "App1.iOS", "App1\App1.iOS\App1.iOS.csproj", "{D71AD629-2C8A-439B-A901-B723EB61E6F2}"
EndProject
Global
	GlobalSection(SolutionConfigurationPlatforms) = preSolution
		Ad-Hoc|Any CPU = Ad-Hoc|Any CPU
		Ad-Hoc|iPhone = Ad-Hoc|iPhone
		Ad-Hoc|iPhoneSimulator = Ad-Hoc|iPhoneSimulator
		AppStore|Any CPU = AppStore|Any CPU
		AppStore|iPhone = AppStore|iPhone
		AppStore|iPhoneSimulator = AppStore|iPhoneSimulator
		Debug|Any CPU = Debug|Any CPU
		Debug|iPhone = Debug|iPhone
		Debug|iPhoneSimulator = Debug|iPhoneSimulator
		Release|Any CPU = Release|Any CPU
		Release|iPhone = Release|iPhone
		Release|iPhoneSimulator = Release|iPhoneSimulator
	EndGlobalSection
	GlobalSection(ProjectConfigurationPlatforms) = postSolution
		{842A5260-8ACC-4116-9DBE-0E0272156559}.Ad-Hoc|Any CPU.ActiveCfg = Release|Any CPU
		{842A5260-8ACC-4116-9DBE-0E0272156559}.Ad-Hoc|Any CPU.Build.0 = Release|Any CPU
		{842A5260-8ACC-4116-9DBE-0E0272156559}.Ad-Hoc|Any CPU.Deploy.0 = Release|Any CPU
		{842A5260-8ACC-4116-9DBE-0E0272156559}.Ad-Hoc|iPhone.ActiveCfg = Release|Any CPU
		{842A5260-8ACC-4116-9DBE-0E0272156559}.Ad-Hoc|iPhone.Build.0 = Release|Any CPU
		{842A5260-8ACC-4116-9DBE-0E0272156559}.Ad-Hoc|iPhone.Deploy.0 = Release|Any CPU
		{842A5260-8ACC-4116-9DBE-0E0272156559}.Ad-Hoc|iPhoneSimulator.ActiveCfg = Release|Any CPU
		{842A5260-8ACC-4116-9DBE-0E0272156559}.Ad-Hoc|iPhoneSimulator.Build.0 = Release|Any CPU
		{842A5260-8ACC-4116-9DBE-0E0272156559}.Ad-Hoc|iPhoneSimulator.Deploy.0 = Release|Any CPU
		{842A5260-8ACC-4116-9DBE-0E0272156559}.AppStore|Any CPU.ActiveCfg = Release|Any CPU
		{842A5260-8ACC-4116-9DBE-0E0272156559}.AppStore|Any CPU.Build.0 = Release|Any CPU
		{842A5260-8ACC-4116-9DBE-0E0272156559}.AppStore|Any CPU.Deploy.0 = Release|Any CPU
		{842A5260-8ACC-4116-9DBE-0E0272156559}.AppStore|iPhone.ActiveCfg = Release|Any CPU
		{842A5260-8ACC-4116-9DBE-0E0272156559}.AppStore|iPhone.Build.0 = Release|Any CPU
		{842A5260-8ACC-4116-9DBE-0E0272156559}.AppStore|iPhone.Deploy.0 = Release|Any CPU
		{842A5260-8ACC-4116-9DBE-0E0272156559}.AppStore|iPhoneSimulator.ActiveCfg = Release|Any CPU
		{842A5260-8ACC-4116-9DBE-0E0272156559}.AppStore|iPhoneSimulator.Build.0 = Release|Any CPU
		{842A5260-8ACC-4116-9DBE-0E0272156559}.AppStore|iPhoneSimulator.Deploy.0 = Release|Any CPU
		{842A5260-8ACC-4116-9DBE-0E0272156559}.Debug|Any CPU.ActiveCfg = Debug|Any CPU
		{842A5260-8ACC-4116-9DBE-0E0272156559}.Debug|Any CPU.Build.0 = Debug|Any CPU
		{842A5260-8ACC-4116-9DBE-0E0272156559}.Debug|Any CPU.Deploy.0 = Debug|Any CPU
		{842A5260-8ACC-4116-9DBE-0E0272156559}.Debug|iPhone.ActiveCfg = Debug|Any CPU
		{842A5260-8ACC-4116-9DBE-0E0272156559}.Debug|iPhone.Build.0 = Debug|Any CPU
		{842A5260-8ACC-4116-9DBE-0E0272156559}.Debug|iPhone.Deploy.0 = Debug|Any CPU
		{842A5260-8ACC-4116-9DBE-0E0272156559}.Debug|iPhoneSimulator.ActiveCfg = Debug|Any CPU
		{842A5260-8ACC-4116-9DBE-0E0272156559}.Debug|iPhoneSimulator.Build.0 = Debug|Any CPU
		{842A5260-8ACC-4116-9DBE-0E0272156559}.Debug|iPhoneSimulator.Deploy.0 = Debug|Any CPU
		{842A5260-8ACC-4116-9DBE-0E0272156559}.Release|Any CPU.ActiveCfg = Release|Any CPU
		{842A5260-8ACC-4116-9DBE-0E0272156559}.Release|Any CPU.Build.0 = Release|Any CPU
		{842A5260-8ACC-4116-9DBE-0E0272156559}.Release|Any CPU.Deploy.0 = Release|Any CPU
		{842A5260-8ACC-4116-9DBE-0E0272156559}.Release|iPhone.ActiveCfg = Release|Any CPU
		{842A5260-8ACC-4116-9DBE-0E0272156559}.Release|iPhone.Build.0 = Release|Any CPU
		{842A5260-8ACC-4116-9DBE-0E0272156559}.Release|iPhone.Deploy.0 = Release|Any CPU
		{842A5260-8ACC-4116-9DBE-0E0272156559}.Release|iPhoneSimulator.ActiveCfg = Release|Any CPU
		{842A5260-8ACC-4116-9DBE-0E0272156559}.Release|iPhoneSimulator.Build.0 = Release|Any CPU
		{842A5260-8ACC-4116-9DBE-0E0272156559}.Release|iPhoneSimulator.Deploy.0 = Release|Any CPU
		{F51EC4E8-D621-478E-B51E-63FB39B10533}.Ad-Hoc|Any CPU.ActiveCfg = Release|Any CPU
		{F51EC4E8-D621-478E-B51E-63FB39B10533}.Ad-Hoc|Any CPU.Build.0 = Release|Any CPU
		{F51EC4E8-D621-478E-B51E-63FB39B10533}.Ad-Hoc|iPhone.ActiveCfg = Release|Any CPU
		{F51EC4E8-D621-478E-B51E-63FB39B10533}.Ad-Hoc|iPhone.Build.0 = Release|Any CPU
		{F51EC4E8-D621-478E-B51E-63FB39B10533}.Ad-Hoc|iPhoneSimulator.ActiveCfg = Release|Any CPU
		{F51EC4E8-D621-478E-B51E-63FB39B10533}.Ad-Hoc|iPhoneSimulator.Build.0 = Release|Any CPU
		{F51EC4E8-D621-478E-B51E-63FB39B10533}.AppStore|Any CPU.ActiveCfg = Release|Any CPU
		{F51EC4E8-D621-478E-B51E-63FB39B10533}.AppStore|Any CPU.Build.0 = Release|Any CPU
		{F51EC4E8-D621-478E-B51E-63FB39B10533}.AppStore|iPhone.ActiveCfg = Release|Any CPU
		{F51EC4E8-D621-478E-B51E-63FB39B10533}.AppStore|iPhone.Build.0 = Release|Any CPU
		{F51EC4E8-D621-478E-B51E-63FB39B10533}.AppStore|iPhoneSimulator.ActiveCfg = Release|Any CPU
		{F51EC4E8-D621-478E-B51E-63FB39B10533}.AppStore|iPhoneSimulator.Build.0 = Release|Any CPU
		{F51EC4E8-D621-478E-B51E-63FB39B10533}.Debug|Any CPU.ActiveCfg = Debug|Any CPU
		{F51EC4E8-D621-478E-B51E-63FB39B10533}.Debug|Any CPU.Build.0 = Debug|Any CPU
		{F51EC4E8-D621-478E-B51E-63FB39B10533}.Debug|iPhone.ActiveCfg = Debug|Any CPU
		{F51EC4E8-D621-478E-B51E-63FB39B10533}.Debug|iPhone.Build.0 = Debug|Any CPU
		{F51EC4E8-D621-478E-B51E-63FB39B10533}.Debug|iPhoneSimulator.ActiveCfg = Debug|Any CPU
		{F51EC4E8-D621-478E-B51E-63FB39B10533}.Debug|iPhoneSimulator.Build.0 = Debug|Any CPU
		{F51EC4E8-D621-478E-B51E-63FB39B10533}.Release|Any CPU.ActiveCfg = Release|Any CPU
		{F51EC4E8-D621-478E-B51E-63FB39B10533}.Release|Any CPU.Build.0 = Release|Any CPU
		{F51EC4E8-D621-478E-B51E-63FB39B10533}.Release|iPhone.ActiveCfg = Release|Any CPU
		{F51EC4E8-D621-478E-B51E-63FB39B10533}.Release|iPhone.Build.0 = Release|Any CPU
		{F51EC4E8-D621-478E-B51E-63FB39B10533}.Release|iPhoneSimulator.ActiveCfg = Release|Any CPU
		{F51EC4E8-D621-478E-B51E-63FB39B10533}.Release|iPhoneSimulator.Build.0 = Release|Any CPU
		{D71AD629-2C8A-439B-A901-B723EB61E6F2}.Ad-Hoc|Any CPU.ActiveCfg = Ad-Hoc|iPhone
		{D71AD629-2C8A-439B-A901-B723EB61E6F2}.Ad-Hoc|iPhone.ActiveCfg = Ad-Hoc|iPhone
		{D71AD629-2C8A-439B-A901-B723EB61E6F2}.Ad-Hoc|iPhone.Build.0 = Ad-Hoc|iPhone
		{D71AD629-2C8A-439B-A901-B723EB61E6F2}.Ad-Hoc|iPhoneSimulator.ActiveCfg = Ad-Hoc|iPhoneSimulator
		{D71AD629-2C8A-439B-A901-B723EB61E6F2}.Ad-Hoc|iPhoneSimulator.Build.0 = Ad-Hoc|iPhoneSimulator
		{D71AD629-2C8A-439B-A901-B723EB61E6F2}.AppStore|Any CPU.ActiveCfg = AppStore|iPhone
		{D71AD629-2C8A-439B-A901-B723EB61E6F2}.AppStore|iPhone.ActiveCfg = AppStore|iPhone
		{D71AD629-2C8A-439B-A901-B723EB61E6F2}.AppStore|iPhone.Build.0 = AppStore|iPhone
		{D71AD629-2C8A-439B-A901-B723EB61E6F2}.AppStore|iPhoneSimulator.ActiveCfg = AppStore|iPhoneSimulator
		{D71AD629-2C8A-439B-A901-B723EB61E6F2}.AppStore|iPhoneSimulator.Build.0 = AppStore|iPhoneSimulator
		{D71AD629-2C8A-439B-A901-B723EB61E6F2}.Debug|Any CPU.ActiveCfg = Debug|iPhone
		{D71AD629-2C8A-439B-A901-B723EB61E6F2}.Debug|iPhone.ActiveCfg = Debug|iPhone
		{D71AD629-2C8A-439B-A901-B723EB61E6F2}.Debug|iPhone.Build.0 = Debug|iPhone
		{D71AD629-2C8A-439B-A901-B723EB61E6F2}.Debug|iPhoneSimulator.ActiveCfg = Debug|iPhoneSimulator
		{D71AD629-2C8A-439B-A901-B723EB61E6F2}.Debug|iPhoneSimulator.Build.0 = Debug|iPhoneSimulator
		{D71AD629-2C8A-439B-A901-B723EB61E6F2}.Release|Any CPU.ActiveCfg = Release|iPhone
		{D71AD629-2C8A-439B-A901-B723EB61E6F2}.Release|iPhone.ActiveCfg = Release|iPhone
		{D71AD629-2C8A-439B-A901-B723EB61E6F2}.Release|iPhone.Build.0 = Release|iPhone
		{D71AD629-2C8A-439B-A901-B723EB61E6F2}.Release|iPhoneSimulator.ActiveCfg = Release|iPhoneSimulator
		{D71AD629-2C8A-439B-A901-B723EB61E6F2}.Release|iPhoneSimulator.Build.0 = Release|iPhoneSimulator
	EndGlobalSection
	GlobalSection(SolutionProperties) = preSolution
		HideSolutionNode = FALSE
	EndGlobalSection
EndGlobal
